
Microsoft Visual Studio Solution File, Format Version 12.00
# Visual Studio Version 17
VisualStudioVersion = 17.8.34309.116
MinimumVisualStudioVersion = 10.0.40219.1
Project("{9A19103F-16F7-4668-BE54-9A1E7A4F7556}") = "GameLogic", "GameLogic\GameLogic.csproj", "{ACE27B57-B8D5-4073-8A9C-C14D2F0AA55E}"
EndProject
Project("{9A19103F-16F7-4668-BE54-9A1E7A4F7556}") = "ConsoleVersion", "ConsoleVersion\ConsoleVersion.csproj", "{CFECE60F-7117-4CD3-8C4A-48C85346050F}"
	ProjectSection(ProjectDependencies) = postProject
		{ACE27B57-B8D5-4073-8A9C-C14D2F0AA55E} = {ACE27B57-B8D5-4073-8A9C-C14D2F0AA55E}
	EndProjectSection
EndProject
Global
	GlobalSection(SolutionConfigurationPlatforms) = preSolution
		Debug|Any CPU = Debug|Any CPU
		Release|Any CPU = Release|Any CPU
	EndGlobalSection
	GlobalSection(ProjectConfigurationPlatforms) = postSolution
		{ACE27B57-B8D5-4073-8A9C-C14D2F0AA55E}.Debug|Any CPU.ActiveCfg = Debug|Any CPU
		{ACE27B57-B8D5-4073-8A9C-C14D2F0AA55E}.Debug|Any CPU.Build.0 = Debug|Any CPU
		{ACE27B57-B8D5-4073-8A9C-C14D2F0AA55E}.Release|Any CPU.ActiveCfg = Release|Any CPU
		{ACE27B57-B8D5-4073-8A9C-C14D2F0AA55E}.Release|Any CPU.Build.0 = Release|Any CPU
		{CFECE60F-7117-4CD3-8C4A-48C85346050F}.Debug|Any CPU.ActiveCfg = Debug|Any CPU
		{CFECE60F-7117-4CD3-8C4A-48C85346050F}.Debug|Any CPU.Build.0 = Debug|Any CPU
		{CFECE60F-7117-4CD3-8C4A-48C85346050F}.Release|Any CPU.ActiveCfg = Release|Any CPU
		{CFECE60F-7117-4CD3-8C4A-48C85346050F}.Release|Any CPU.Build.0 = Release|Any CPU
	EndGlobalSection
	GlobalSection(SolutionProperties) = preSolution
		HideSolutionNode = FALSE
	EndGlobalSection
	GlobalSection(ExtensibilityGlobals) = postSolution
		SolutionGuid = {9D89906F-1EE1-4288-9A47-087A119D7717}
	EndGlobalSection
EndGlobal
